// !$*UTF8*$!
{
	archiveVersion = 1;
	classes = {
	};
	objectVersion = 46;
	objects = {

/* Begin PBXBuildFile section */
		59C9DCA41AE8AA6000FEE832 /* main.m in Sources */ = {isa = PBXBuildFile; fileRef = 59C9DCA31AE8AA6000FEE832 /* main.m */; };
		59C9DCA71AE8AA6000FEE832 /* AppDelegate.m in Sources */ = {isa = PBXBuildFile; fileRef = 59C9DCA61AE8AA6000FEE832 /* AppDelegate.m */; };
		59C9DCAA1AE8AA6000FEE832 /* ViewController.m in Sources */ = {isa = PBXBuildFile; fileRef = 59C9DCA91AE8AA6000FEE832 /* ViewController.m */; };
		59C9DCAF1AE8AA6000FEE832 /* Images.xcassets in Resources */ = {isa = PBXBuildFile; fileRef = 59C9DCAE1AE8AA6000FEE832 /* Images.xcassets */; };
		59C9DCBE1AE8AA6000FEE832 /* Tendigi_TwitterTests.m in Sources */ = {isa = PBXBuildFile; fileRef = 59C9DCBD1AE8AA6000FEE832 /* Tendigi_TwitterTests.m */; };
		59C9DCCB1AE8ADCD00FEE832 /* TDMainNavigationController.m in Sources */ = {isa = PBXBuildFile; fileRef = 59C9DCCA1AE8ADCD00FEE832 /* TDMainNavigationController.m */; };
		59C9DCCE1AE8ADE900FEE832 /* TDMainTableViewController.m in Sources */ = {isa = PBXBuildFile; fileRef = 59C9DCCD1AE8ADE900FEE832 /* TDMainTableViewController.m */; };
		59C9DCD31AE8AF0C00FEE832 /* TwitterKit.framework in Frameworks */ = {isa = PBXBuildFile; fileRef = 59C9DCD01AE8AF0C00FEE832 /* TwitterKit.framework */; };
		59C9DCD41AE8AF0C00FEE832 /* TwitterKitResources.bundle in Resources */ = {isa = PBXBuildFile; fileRef = 59C9DCD11AE8AF0C00FEE832 /* TwitterKitResources.bundle */; };
		59C9DCD51AE8AF0C00FEE832 /* Fabric.framework in Frameworks */ = {isa = PBXBuildFile; fileRef = 59C9DCD21AE8AF0C00FEE832 /* Fabric.framework */; };
/* End PBXBuildFile section */

/* Begin PBXContainerItemProxy section */
		59C9DCB81AE8AA6000FEE832 /* PBXContainerItemProxy */ = {
			isa = PBXContainerItemProxy;
			containerPortal = 59C9DC961AE8AA6000FEE832 /* Project object */;
			proxyType = 1;
			remoteGlobalIDString = 59C9DC9D1AE8AA6000FEE832;
			remoteInfo = Tendigi_Twitter;
		};
/* End PBXContainerItemProxy section */

/* Begin PBXFileReference section */
		59C9DC9E1AE8AA6000FEE832 /* Tendigi_Twitter.app */ = {isa = PBXFileReference; explicitFileType = wrapper.application; includeInIndex = 0; path = Tendigi_Twitter.app; sourceTree = BUILT_PRODUCTS_DIR; };
		59C9DCA21AE8AA6000FEE832 /* Info.plist */ = {isa = PBXFileReference; lastKnownFileType = text.plist.xml; path = Info.plist; sourceTree = "<group>"; };
		59C9DCA31AE8AA6000FEE832 /* main.m */ = {isa = PBXFileReference; lastKnownFileType = sourcecode.c.objc; path = main.m; sourceTree = "<group>"; };
		59C9DCA51AE8AA6000FEE832 /* AppDelegate.h */ = {isa = PBXFileReference; lastKnownFileType = sourcecode.c.h; path = AppDelegate.h; sourceTree = "<group>"; };
		59C9DCA61AE8AA6000FEE832 /* AppDelegate.m */ = {isa = PBXFileReference; lastKnownFileType = sourcecode.c.objc; path = AppDelegate.m; sourceTree = "<group>"; };
		59C9DCA81AE8AA6000FEE832 /* ViewController.h */ = {isa = PBXFileReference; lastKnownFileType = sourcecode.c.h; path = ViewController.h; sourceTree = "<group>"; };
		59C9DCA91AE8AA6000FEE832 /* ViewController.m */ = {isa = PBXFileReference; lastKnownFileType = sourcecode.c.objc; path = ViewController.m; sourceTree = "<group>"; };
		59C9DCAE1AE8AA6000FEE832 /* Images.xcassets */ = {isa = PBXFileReference; lastKnownFileType = folder.assetcatalog; path = Images.xcassets; sourceTree = "<group>"; };
		59C9DCB71AE8AA6000FEE832 /* Tendigi_TwitterTests.xctest */ = {isa = PBXFileReference; explicitFileType = wrapper.cfbundle; includeInIndex = 0; path = Tendigi_TwitterTests.xctest; sourceTree = BUILT_PRODUCTS_DIR; };
		59C9DCBC1AE8AA6000FEE832 /* Info.plist */ = {isa = PBXFileReference; lastKnownFileType = text.plist.xml; path = Info.plist; sourceTree = "<group>"; };
		59C9DCBD1AE8AA6000FEE832 /* Tendigi_TwitterTests.m */ = {isa = PBXFileReference; lastKnownFileType = sourcecode.c.objc; path = Tendigi_TwitterTests.m; sourceTree = "<group>"; };
		59C9DCC91AE8ADCD00FEE832 /* TDMainNavigationController.h */ = {isa = PBXFileReference; fileEncoding = 4; lastKnownFileType = sourcecode.c.h; path = TDMainNavigationController.h; sourceTree = "<group>"; };
		59C9DCCA1AE8ADCD00FEE832 /* TDMainNavigationController.m */ = {isa = PBXFileReference; fileEncoding = 4; lastKnownFileType = sourcecode.c.objc; path = TDMainNavigationController.m; sourceTree = "<group>"; };
		59C9DCCC1AE8ADE900FEE832 /* TDMainTableViewController.h */ = {isa = PBXFileReference; fileEncoding = 4; lastKnownFileType = sourcecode.c.h; path = TDMainTableViewController.h; sourceTree = "<group>"; };
		59C9DCCD1AE8ADE900FEE832 /* TDMainTableViewController.m */ = {isa = PBXFileReference; fileEncoding = 4; lastKnownFileType = sourcecode.c.objc; path = TDMainTableViewController.m; sourceTree = "<group>"; };
		59C9DCD01AE8AF0C00FEE832 /* TwitterKit.framework */ = {isa = PBXFileReference; lastKnownFileType = wrapper.framework; path = TwitterKit.framework; sourceTree = SOURCE_ROOT; };
		59C9DCD11AE8AF0C00FEE832 /* TwitterKitResources.bundle */ = {isa = PBXFileReference; lastKnownFileType = "wrapper.plug-in"; name = TwitterKitResources.bundle; path = TwitterKit.framework/Versions/A/Resources/TwitterKitResources.bundle; sourceTree = SOURCE_ROOT; };
		59C9DCD21AE8AF0C00FEE832 /* Fabric.framework */ = {isa = PBXFileReference; lastKnownFileType = wrapper.framework; path = Fabric.framework; sourceTree = SOURCE_ROOT; };
/* End PBXFileReference section */

/* Begin PBXFrameworksBuildPhase section */
		59C9DC9B1AE8AA6000FEE832 /* Frameworks */ = {
			isa = PBXFrameworksBuildPhase;
			buildActionMask = 2147483647;
			files = (
				59C9DCD31AE8AF0C00FEE832 /* TwitterKit.framework in Frameworks */,
				59C9DCD51AE8AF0C00FEE832 /* Fabric.framework in Frameworks */,
			);
			runOnlyForDeploymentPostprocessing = 0;
		};
		59C9DCB41AE8AA6000FEE832 /* Frameworks */ = {
			isa = PBXFrameworksBuildPhase;
			buildActionMask = 2147483647;
			files = (
			);
			runOnlyForDeploymentPostprocessing = 0;
		};
/* End PBXFrameworksBuildPhase section */

/* Begin PBXGroup section */
		59C9DC951AE8AA6000FEE832 = {
			isa = PBXGroup;
			children = (
				59C9DCA01AE8AA6000FEE832 /* Tendigi_Twitter */,
				59C9DCBA1AE8AA6000FEE832 /* Tendigi_TwitterTests */,
				59C9DC9F1AE8AA6000FEE832 /* Products */,
			);
			sourceTree = "<group>";
		};
		59C9DC9F1AE8AA6000FEE832 /* Products */ = {
			isa = PBXGroup;
			children = (
				59C9DC9E1AE8AA6000FEE832 /* Tendigi_Twitter.app */,
				59C9DCB71AE8AA6000FEE832 /* Tendigi_TwitterTests.xctest */,
			);
			name = Products;
			sourceTree = "<group>";
		};
		59C9DCA01AE8AA6000FEE832 /* Tendigi_Twitter */ = {
			isa = PBXGroup;
			children = (
				59C9DCD01AE8AF0C00FEE832 /* TwitterKit.framework */,
				59C9DCD11AE8AF0C00FEE832 /* TwitterKitResources.bundle */,
				59C9DCD21AE8AF0C00FEE832 /* Fabric.framework */,
				59C9DCA51AE8AA6000FEE832 /* AppDelegate.h */,
				59C9DCA61AE8AA6000FEE832 /* AppDelegate.m */,
				59C9DCAE1AE8AA6000FEE832 /* Images.xcassets */,
				59C9DCA11AE8AA6000FEE832 /* Supporting Files */,
				59C9DCC71AE8ADAC00FEE832 /* UINavigatonController */,
				59C9DCC81AE8ADAD00FEE832 /* UIViewController */,
				59C9DCA81AE8AA6000FEE832 /* ViewController.h */,
				59C9DCA91AE8AA6000FEE832 /* ViewController.m */,
			);
			path = Tendigi_Twitter;
			sourceTree = "<group>";
		};
		59C9DCA11AE8AA6000FEE832 /* Supporting Files */ = {
			isa = PBXGroup;
			children = (
				59C9DCA21AE8AA6000FEE832 /* Info.plist */,
				59C9DCA31AE8AA6000FEE832 /* main.m */,
			);
			name = "Supporting Files";
			sourceTree = "<group>";
		};
		59C9DCBA1AE8AA6000FEE832 /* Tendigi_TwitterTests */ = {
			isa = PBXGroup;
			children = (
				59C9DCBD1AE8AA6000FEE832 /* Tendigi_TwitterTests.m */,
				59C9DCBB1AE8AA6000FEE832 /* Supporting Files */,
			);
			path = Tendigi_TwitterTests;
			sourceTree = "<group>";
		};
		59C9DCBB1AE8AA6000FEE832 /* Supporting Files */ = {
			isa = PBXGroup;
			children = (
				59C9DCBC1AE8AA6000FEE832 /* Info.plist */,
			);
			name = "Supporting Files";
			sourceTree = "<group>";
		};
		59C9DCC71AE8ADAC00FEE832 /* UINavigatonController */ = {
			isa = PBXGroup;
			children = (
				59C9DCC91AE8ADCD00FEE832 /* TDMainNavigationController.h */,
				59C9DCCA1AE8ADCD00FEE832 /* TDMainNavigationController.m */,
			);
			path = UINavigatonController;
			sourceTree = "<group>";
		};
		59C9DCC81AE8ADAD00FEE832 /* UIViewController */ = {
			isa = PBXGroup;
			children = (
				59C9DCCC1AE8ADE900FEE832 /* TDMainTableViewController.h */,
				59C9DCCD1AE8ADE900FEE832 /* TDMainTableViewController.m */,
			);
			path = UIViewController;
			sourceTree = "<group>";
		};
/* End PBXGroup section */

/* Begin PBXNativeTarget section */
		59C9DC9D1AE8AA6000FEE832 /* Tendigi_Twitter */ = {
			isa = PBXNativeTarget;
			buildConfigurationList = 59C9DCC11AE8AA6000FEE832 /* Build configuration list for PBXNativeTarget "Tendigi_Twitter" */;
			buildPhases = (
				59C9DC9A1AE8AA6000FEE832 /* Sources */,
				59C9DC9B1AE8AA6000FEE832 /* Frameworks */,
				59C9DC9C1AE8AA6000FEE832 /* Resources */,
				59C9DCCF1AE8AEFC00FEE832 /* ShellScript */,
			);
			buildRules = (
			);
			dependencies = (
			);
			name = Tendigi_Twitter;
			productName = Tendigi_Twitter;
			productReference = 59C9DC9E1AE8AA6000FEE832 /* Tendigi_Twitter.app */;
			productType = "com.apple.product-type.application";
		};
		59C9DCB61AE8AA6000FEE832 /* Tendigi_TwitterTests */ = {
			isa = PBXNativeTarget;
			buildConfigurationList = 59C9DCC41AE8AA6000FEE832 /* Build configuration list for PBXNativeTarget "Tendigi_TwitterTests" */;
			buildPhases = (
				59C9DCB31AE8AA6000FEE832 /* Sources */,
				59C9DCB41AE8AA6000FEE832 /* Frameworks */,
				59C9DCB51AE8AA6000FEE832 /* Resources */,
			);
			buildRules = (
			);
			dependencies = (
				59C9DCB91AE8AA6000FEE832 /* PBXTargetDependency */,
			);
			name = Tendigi_TwitterTests;
			productName = Tendigi_TwitterTests;
			productReference = 59C9DCB71AE8AA6000FEE832 /* Tendigi_TwitterTests.xctest */;
			productType = "com.apple.product-type.bundle.unit-test";
		};
/* End PBXNativeTarget section */

/* Begin PBXProject section */
		59C9DC961AE8AA6000FEE832 /* Project object */ = {
			isa = PBXProject;
			attributes = {
				LastUpgradeCheck = 0610;
				ORGANIZATIONNAME = Tendigi;
				TargetAttributes = {
					59C9DC9D1AE8AA6000FEE832 = {
						CreatedOnToolsVersion = 6.1.1;
					};
					59C9DCB61AE8AA6000FEE832 = {
						CreatedOnToolsVersion = 6.1.1;
						TestTargetID = 59C9DC9D1AE8AA6000FEE832;
					};
				};
			};
			buildConfigurationList = 59C9DC991AE8AA6000FEE832 /* Build configuration list for PBXProject "Tendigi_Twitter" */;
			compatibilityVersion = "Xcode 3.2";
			developmentRegion = English;
			hasScannedForEncodings = 0;
			knownRegions = (
				en,
				Base,
			);
			mainGroup = 59C9DC951AE8AA6000FEE832;
			productRefGroup = 59C9DC9F1AE8AA6000FEE832 /* Products */;
			projectDirPath = "";
			projectRoot = "";
			targets = (
				59C9DC9D1AE8AA6000FEE832 /* Tendigi_Twitter */,
				59C9DCB61AE8AA6000FEE832 /* Tendigi_TwitterTests */,
			);
		};
/* End PBXProject section */

/* Begin PBXResourcesBuildPhase section */
		59C9DC9C1AE8AA6000FEE832 /* Resources */ = {
			isa = PBXResourcesBuildPhase;
			buildActionMask = 2147483647;
			files = (
				59C9DCD41AE8AF0C00FEE832 /* TwitterKitResources.bundle in Resources */,
				59C9DCAF1AE8AA6000FEE832 /* Images.xcassets in Resources */,
			);
			runOnlyForDeploymentPostprocessing = 0;
		};
		59C9DCB51AE8AA6000FEE832 /* Resources */ = {
			isa = PBXResourcesBuildPhase;
			buildActionMask = 2147483647;
			files = (
			);
			runOnlyForDeploymentPostprocessing = 0;
		};
/* End PBXResourcesBuildPhase section */

/* Begin PBXShellScriptBuildPhase section */
		59C9DCCF1AE8AEFC00FEE832 /* ShellScript */ = {
			isa = PBXShellScriptBuildPhase;
			buildActionMask = 2147483647;
			files = (
			);
			inputPaths = (
			);
			outputPaths = (
			);
			runOnlyForDeploymentPostprocessing = 0;
			shellPath = /bin/sh;
			shellScript = "./Fabric.framework/run 3c0d377908d0fd7f002f9db92b32163700bdf908 7d40fd000e43ad3fc0c6d807c58f5404331cc62ded2a6731c86e37919353608a";
		};
/* End PBXShellScriptBuildPhase section */

/* Begin PBXSourcesBuildPhase section */
		59C9DC9A1AE8AA6000FEE832 /* Sources */ = {
			isa = PBXSourcesBuildPhase;
			buildActionMask = 2147483647;
			files = (
				59C9DCCB1AE8ADCD00FEE832 /* TDMainNavigationController.m in Sources */,
				59C9DCCE1AE8ADE900FEE832 /* TDMainTableViewController.m in Sources */,
				59C9DCAA1AE8AA6000FEE832 /* ViewController.m in Sources */,
				59C9DCA71AE8AA6000FEE832 /* AppDelegate.m in Sources */,
				59C9DCA41AE8AA6000FEE832 /* main.m in Sources */,
			);
			runOnlyForDeploymentPostprocessing = 0;
		};
		59C9DCB31AE8AA6000FEE832 /* Sources */ = {
			isa = PBXSourcesBuildPhase;
			buildActionMask = 2147483647;
			files = (
				59C9DCBE1AE8AA6000FEE832 /* Tendigi_TwitterTests.m in Sources */,
			);
			runOnlyForDeploymentPostprocessing = 0;
		};
/* End PBXSourcesBuildPhase section */

/* Begin PBXTargetDependency section */
		59C9DCB91AE8AA6000FEE832 /* PBXTargetDependency */ = {
			isa = PBXTargetDependency;
			target = 59C9DC9D1AE8AA6000FEE832 /* Tendigi_Twitter */;
			targetProxy = 59C9DCB81AE8AA6000FEE832 /* PBXContainerItemProxy */;
		};
/* End PBXTargetDependency section */

/* Begin XCBuildConfiguration section */
		59C9DCBF1AE8AA6000FEE832 /* Debug */ = {
			isa = XCBuildConfiguration;
			buildSettings = {
				ALWAYS_SEARCH_USER_PATHS = NO;
				CLANG_CXX_LANGUAGE_STANDARD = "gnu++0x";
				CLANG_CXX_LIBRARY = "libc++";
				CLANG_ENABLE_MODULES = YES;
				CLANG_ENABLE_OBJC_ARC = YES;
				CLANG_WARN_BOOL_CONVERSION = YES;
				CLANG_WARN_CONSTANT_CONVERSION = YES;
				CLANG_WARN_DIRECT_OBJC_ISA_USAGE = YES_ERROR;
				CLANG_WARN_EMPTY_BODY = YES;
				CLANG_WARN_ENUM_CONVERSION = YES;
				CLANG_WARN_INT_CONVERSION = YES;
				CLANG_WARN_OBJC_ROOT_CLASS = YES_ERROR;
				CLANG_WARN_UNREACHABLE_CODE = YES;
				CLANG_WARN__DUPLICATE_METHOD_MATCH = YES;
				"CODE_SIGN_IDENTITY[sdk=iphoneos*]" = "iPhone Developer";
				COPY_PHASE_STRIP = NO;
				ENABLE_STRICT_OBJC_MSGSEND = YES;
				GCC_C_LANGUAGE_STANDARD = gnu99;
				GCC_DYNAMIC_NO_PIC = NO;
				GCC_OPTIMIZATION_LEVEL = 0;
				GCC_PREPROCESSOR_DEFINITIONS = (
					"DEBUG=1",
					"$(inherited)",
				);
				GCC_SYMBOLS_PRIVATE_EXTERN = NO;
				GCC_WARN_64_TO_32_BIT_CONVERSION = YES;
				GCC_WARN_ABOUT_RETURN_TYPE = YES_ERROR;
				GCC_WARN_UNDECLARED_SELECTOR = YES;
				GCC_WARN_UNINITIALIZED_AUTOS = YES_AGGRESSIVE;
				GCC_WARN_UNUSED_FUNCTION = YES;
				GCC_WARN_UNUSED_VARIABLE = YES;
				IPHONEOS_DEPLOYMENT_TARGET = 8.1;
				MTL_ENABLE_DEBUG_INFO = YES;
				ONLY_ACTIVE_ARCH = YES;
				SDKROOT = iphoneos;
			};
			name = Debug;
		};
		59C9DCC01AE8AA6000FEE832 /* Release */ = {
			isa = XCBuildConfiguration;
			buildSettings = {
				ALWAYS_SEARCH_USER_PATHS = NO;
				CLANG_CXX_LANGUAGE_STANDARD = "gnu++0x";
				CLANG_CXX_LIBRARY = "libc++";
				CLANG_ENABLE_MODULES = YES;
				CLANG_ENABLE_OBJC_ARC = YES;
				CLANG_WARN_BOOL_CONVERSION = YES;
				CLANG_WARN_CONSTANT_CONVERSION = YES;
				CLANG_WARN_DIRECT_OBJC_ISA_USAGE = YES_ERROR;
				CLANG_WARN_EMPTY_BODY = YES;
				CLANG_WARN_ENUM_CONVERSION = YES;
				CLANG_WARN_INT_CONVERSION = YES;
				CLANG_WARN_OBJC_ROOT_CLASS = YES_ERROR;
				CLANG_WARN_UNREACHABLE_CODE = YES;
				CLANG_WARN__DUPLICATE_METHOD_MATCH = YES;
				"CODE_SIGN_IDENTITY[sdk=iphoneos*]" = "iPhone Developer";
				COPY_PHASE_STRIP = YES;
				ENABLE_NS_ASSERTIONS = NO;
				ENABLE_STRICT_OBJC_MSGSEND = YES;
				GCC_C_LANGUAGE_STANDARD = gnu99;
				GCC_WARN_64_TO_32_BIT_CONVERSION = YES;
				GCC_WARN_ABOUT_RETURN_TYPE = YES_ERROR;
				GCC_WARN_UNDECLARED_SELECTOR = YES;
				GCC_WARN_UNINITIALIZED_AUTOS = YES_AGGRESSIVE;
				GCC_WARN_UNUSED_FUNCTION = YES;
				GCC_WARN_UNUSED_VARIABLE = YES;
				IPHONEOS_DEPLOYMENT_TARGET = 8.1;
				MTL_ENABLE_DEBUG_INFO = NO;
				SDKROOT = iphoneos;
				VALIDATE_PRODUCT = YES;
			};
			name = Release;
		};
		59C9DCC21AE8AA6000FEE832 /* Debug */ = {
			isa = XCBuildConfiguration;
			buildSettings = {
				ASSETCATALOG_COMPILER_APPICON_NAME = AppIcon;
				FRAMEWORK_SEARCH_PATHS = (
					"$(inherited)",
					"$(PROJECT_DIR)",
				);
				INFOPLIST_FILE = Tendigi_Twitter/Info.plist;
				LD_RUNPATH_SEARCH_PATHS = "$(inherited) @executable_path/Frameworks";
				PRODUCT_NAME = "$(TARGET_NAME)";
			};
			name = Debug;
		};
		59C9DCC31AE8AA6000FEE832 /* Release */ = {
			isa = XCBuildConfiguration;
			buildSettings = {
				ASSETCATALOG_COMPILER_APPICON_NAME = AppIcon;
				FRAMEWORK_SEARCH_PATHS = (
					"$(inherited)",
					"$(PROJECT_DIR)",
				);
				INFOPLIST_FILE = Tendigi_Twitter/Info.plist;
				LD_RUNPATH_SEARCH_PATHS = "$(inherited) @executable_path/Frameworks";
				PRODUCT_NAME = "$(TARGET_NAME)";
			};
			name = Release;
		};
		59C9DCC51AE8AA6000FEE832 /* Debug */ = {
			isa = XCBuildConfiguration;
			buildSettings = {
				BUNDLE_LOADER = "$(TEST_HOST)";
				FRAMEWORK_SEARCH_PATHS = (
					"$(SDKROOT)/Developer/Library/Frameworks",
					"$(inherited)",
				);
				GCC_PREPROCESSOR_DEFINITIONS = (
					"DEBUG=1",
					"$(inherited)",
				);
				INFOPLIST_FILE = Tendigi_TwitterTests/Info.plist;
				LD_RUNPATH_SEARCH_PATHS = "$(inherited) @executable_path/Frameworks @loader_path/Frameworks";
				PRODUCT_NAME = "$(TARGET_NAME)";
				TEST_HOST = "$(BUILT_PRODUCTS_DIR)/Tendigi_Twitter.app/Tendigi_Twitter";
			};
			name = Debug;
		};
		59C9DCC61AE8AA6000FEE832 /* Release */ = {
			isa = XCBuildConfiguration;
			buildSettings = {
				BUNDLE_LOADER = "$(TEST_HOST)";
				FRAMEWORK_SEARCH_PATHS = (
					"$(SDKROOT)/Developer/Library/Frameworks",
					"$(inherited)",
				);
				INFOPLIST_FILE = Tendigi_TwitterTests/Info.plist;
				LD_RUNPATH_SEARCH_PATHS = "$(inherited) @executable_path/Frameworks @loader_path/Frameworks";
				PRODUCT_NAME = "$(TARGET_NAME)";
				TEST_HOST = "$(BUILT_PRODUCTS_DIR)/Tendigi_Twitter.app/Tendigi_Twitter";
			};
			name = Release;
		};
/* End XCBuildConfiguration section */

/* Begin XCConfigurationList section */
		59C9DC991AE8AA6000FEE832 /* Build configuration list for PBXProject "Tendigi_Twitter" */ = {
			isa = XCConfigurationList;
			buildConfigurations = (
				59C9DCBF1AE8AA6000FEE832 /* Debug */,
				59C9DCC01AE8AA6000FEE832 /* Release */,
			);
			defaultConfigurationIsVisible = 0;
			defaultConfigurationName = Release;
		};
		59C9DCC11AE8AA6000FEE832 /* Build configuration list for PBXNativeTarget "Tendigi_Twitter" */ = {
			isa = XCConfigurationList;
			buildConfigurations = (
				59C9DCC21AE8AA6000FEE832 /* Debug */,
				59C9DCC31AE8AA6000FEE832 /* Release */,
			);
			defaultConfigurationIsVisible = 0;
		};
		59C9DCC41AE8AA6000FEE832 /* Build configuration list for PBXNativeTarget "Tendigi_TwitterTests" */ = {
			isa = XCConfigurationList;
			buildConfigurations = (
				59C9DCC51AE8AA6000FEE832 /* Debug */,
				59C9DCC61AE8AA6000FEE832 /* Release */,
			);
			defaultConfigurationIsVisible = 0;
		};
/* End XCConfigurationList section */
	};
	rootObject = 59C9DC961AE8AA6000FEE832 /* Project object */;
}
